
Microsoft Visual Studio Solution File, Format Version 12.00
# Visual Studio Version 17
VisualStudioVersion = 17.8.34511.84
MinimumVisualStudioVersion = 10.0.40219.1
Project("{FAE04EC0-301F-11D3-BF4B-00C04F79EFBC}") = "Bank", "Bank\Bank.csproj", "{B1E9639D-8BE7-41A6-B40F-87711281574B}"
EndProject
Project("{FAE04EC0-301F-11D3-BF4B-00C04F79EFBC}") = "BankTests", "BankTests\BankTests.csproj", "{4669282D-53F5-4202-9828-972C72952F12}"
EndProject
Global
	GlobalSection(SolutionConfigurationPlatforms) = preSolution
		Debug|Any CPU = Debug|Any CPU
		Release|Any CPU = Release|Any CPU
	EndGlobalSection
	GlobalSection(ProjectConfigurationPlatforms) = postSolution
		{B1E9639D-8BE7-41A6-B40F-87711281574B}.Debug|Any CPU.ActiveCfg = Debug|Any CPU
		{B1E9639D-8BE7-41A6-B40F-87711281574B}.Debug|Any CPU.Build.0 = Debug|Any CPU
		{B1E9639D-8BE7-41A6-B40F-87711281574B}.Release|Any CPU.ActiveCfg = Release|Any CPU
		{B1E9639D-8BE7-41A6-B40F-87711281574B}.Release|Any CPU.Build.0 = Release|Any CPU
		{4669282D-53F5-4202-9828-972C72952F12}.Debug|Any CPU.ActiveCfg = Debug|Any CPU
		{4669282D-53F5-4202-9828-972C72952F12}.Debug|Any CPU.Build.0 = Debug|Any CPU
		{4669282D-53F5-4202-9828-972C72952F12}.Release|Any CPU.ActiveCfg = Release|Any CPU
		{4669282D-53F5-4202-9828-972C72952F12}.Release|Any CPU.Build.0 = Release|Any CPU
	EndGlobalSection
	GlobalSection(SolutionProperties) = preSolution
		HideSolutionNode = FALSE
	EndGlobalSection
	GlobalSection(ExtensibilityGlobals) = postSolution
		SolutionGuid = {231D529F-8F40-48C4-9577-AE28F313A458}
	EndGlobalSection
EndGlobal
